// !$*UTF8*$!
{
	archiveVersion = 1;
	classes = {
	};
	objectVersion = 46;
	objects = {

/* Begin PBXBuildFile section */
		D2226F1D1C902E5A0020B9C7 /* Phone.swift in Sources */ = {isa = PBXBuildFile; fileRef = D2226F1C1C902E5A0020B9C7 /* Phone.swift */; };
		D2521BEB1C87311600F6C68E /* AppDelegate.swift in Sources */ = {isa = PBXBuildFile; fileRef = D2521BEA1C87311600F6C68E /* AppDelegate.swift */; };
		D2521BED1C87311600F6C68E /* ViewController.swift in Sources */ = {isa = PBXBuildFile; fileRef = D2521BEC1C87311600F6C68E /* ViewController.swift */; };
		D2521BF01C87311600F6C68E /* Main.storyboard in Resources */ = {isa = PBXBuildFile; fileRef = D2521BEE1C87311600F6C68E /* Main.storyboard */; };
		D2521BF21C87311600F6C68E /* Assets.xcassets in Resources */ = {isa = PBXBuildFile; fileRef = D2521BF11C87311600F6C68E /* Assets.xcassets */; };
		D2521BF51C87311600F6C68E /* LaunchScreen.storyboard in Resources */ = {isa = PBXBuildFile; fileRef = D2521BF31C87311600F6C68E /* LaunchScreen.storyboard */; };
		D2521BFD1C87327500F6C68E /* PhotoViewController.swift in Sources */ = {isa = PBXBuildFile; fileRef = D2521BFC1C87327500F6C68E /* PhotoViewController.swift */; };
		D2521C001C885A4A00F6C68E /* ImageConfigurationModel.swift in Sources */ = {isa = PBXBuildFile; fileRef = D2521BFF1C885A4A00F6C68E /* ImageConfigurationModel.swift */; };
		D2521C221C89F7BB00F6C68E /* ImageUtil.swift in Sources */ = {isa = PBXBuildFile; fileRef = D2521C211C89F7BB00F6C68E /* ImageUtil.swift */; };
/* End PBXBuildFile section */

/* Begin PBXFileReference section */
		D2226F1C1C902E5A0020B9C7 /* Phone.swift */ = {isa = PBXFileReference; fileEncoding = 4; lastKnownFileType = sourcecode.swift; path = Phone.swift; sourceTree = "<group>"; };
		D2521BE71C87311600F6C68E /* handy.app */ = {isa = PBXFileReference; explicitFileType = wrapper.application; includeInIndex = 0; path = handy.app; sourceTree = BUILT_PRODUCTS_DIR; };
		D2521BEA1C87311600F6C68E /* AppDelegate.swift */ = {isa = PBXFileReference; lastKnownFileType = sourcecode.swift; path = AppDelegate.swift; sourceTree = "<group>"; };
		D2521BEC1C87311600F6C68E /* ViewController.swift */ = {isa = PBXFileReference; lastKnownFileType = sourcecode.swift; path = ViewController.swift; sourceTree = "<group>"; };
		D2521BEF1C87311600F6C68E /* Base */ = {isa = PBXFileReference; lastKnownFileType = file.storyboard; name = Base; path = Base.lproj/Main.storyboard; sourceTree = "<group>"; };
		D2521BF11C87311600F6C68E /* Assets.xcassets */ = {isa = PBXFileReference; lastKnownFileType = folder.assetcatalog; path = Assets.xcassets; sourceTree = "<group>"; };
		D2521BF41C87311600F6C68E /* Base */ = {isa = PBXFileReference; lastKnownFileType = file.storyboard; name = Base; path = Base.lproj/LaunchScreen.storyboard; sourceTree = "<group>"; };
		D2521BF61C87311600F6C68E /* Info.plist */ = {isa = PBXFileReference; lastKnownFileType = text.plist.xml; path = Info.plist; sourceTree = "<group>"; };
		D2521BFC1C87327500F6C68E /* PhotoViewController.swift */ = {isa = PBXFileReference; fileEncoding = 4; lastKnownFileType = sourcecode.swift; path = PhotoViewController.swift; sourceTree = "<group>"; };
		D2521BFF1C885A4A00F6C68E /* ImageConfigurationModel.swift */ = {isa = PBXFileReference; fileEncoding = 4; lastKnownFileType = sourcecode.swift; path = ImageConfigurationModel.swift; sourceTree = "<group>"; };
		D2521C211C89F7BB00F6C68E /* ImageUtil.swift */ = {isa = PBXFileReference; fileEncoding = 4; lastKnownFileType = sourcecode.swift; path = ImageUtil.swift; sourceTree = "<group>"; };
/* End PBXFileReference section */

/* Begin PBXFrameworksBuildPhase section */
		D2521BE41C87311600F6C68E /* Frameworks */ = {
			isa = PBXFrameworksBuildPhase;
			buildActionMask = 2147483647;
			files = (
			);
			runOnlyForDeploymentPostprocessing = 0;
		};
/* End PBXFrameworksBuildPhase section */

/* Begin PBXGroup section */
		D2521BDE1C87311600F6C68E = {
			isa = PBXGroup;
			children = (
				D2521BE91C87311600F6C68E /* handy */,
				D2521BE81C87311600F6C68E /* Products */,
			);
			sourceTree = "<group>";
		};
		D2521BE81C87311600F6C68E /* Products */ = {
			isa = PBXGroup;
			children = (
				D2521BE71C87311600F6C68E /* handy.app */,
			);
			name = Products;
			sourceTree = "<group>";
		};
		D2521BE91C87311600F6C68E /* handy */ = {
			isa = PBXGroup;
			children = (
				D2521BEA1C87311600F6C68E /* AppDelegate.swift */,
				D2521BFF1C885A4A00F6C68E /* ImageConfigurationModel.swift */,
				D2521C211C89F7BB00F6C68E /* ImageUtil.swift */,
				D2521BFE1C88309300F6C68E /* Controllers */,
				D2521BEE1C87311600F6C68E /* Main.storyboard */,
				D2226F1C1C902E5A0020B9C7 /* Phone.swift */,
				D2521BF11C87311600F6C68E /* Assets.xcassets */,
				D2521BF31C87311600F6C68E /* LaunchScreen.storyboard */,
				D2521BF61C87311600F6C68E /* Info.plist */,
			);
			path = handy;
			sourceTree = "<group>";
		};
		D2521BFE1C88309300F6C68E /* Controllers */ = {
			isa = PBXGroup;
			children = (
				D2521BEC1C87311600F6C68E /* ViewController.swift */,
				D2521BFC1C87327500F6C68E /* PhotoViewController.swift */,
			);
			name = Controllers;
			sourceTree = "<group>";
		};
/* End PBXGroup section */

/* Begin PBXNativeTarget section */
		D2521BE61C87311600F6C68E /* handy */ = {
			isa = PBXNativeTarget;
			buildConfigurationList = D2521BF91C87311600F6C68E /* Build configuration list for PBXNativeTarget "handy" */;
			buildPhases = (
				D2521BE31C87311600F6C68E /* Sources */,
				D2521BE41C87311600F6C68E /* Frameworks */,
				D2521BE51C87311600F6C68E /* Resources */,
			);
			buildRules = (
			);
			dependencies = (
			);
			name = handy;
			productName = handy;
			productReference = D2521BE71C87311600F6C68E /* handy.app */;
			productType = "com.apple.product-type.application";
		};
/* End PBXNativeTarget section */

/* Begin PBXProject section */
		D2521BDF1C87311600F6C68E /* Project object */ = {
			isa = PBXProject;
			attributes = {
				LastSwiftUpdateCheck = 0720;
				LastUpgradeCheck = 0720;
				ORGANIZATIONNAME = "Osadchy Dima";
				TargetAttributes = {
					D2521BE61C87311600F6C68E = {
						CreatedOnToolsVersion = 7.2;
						DevelopmentTeam = D6CYEBJ9JW;
					};
				};
			};
			buildConfigurationList = D2521BE21C87311600F6C68E /* Build configuration list for PBXProject "handy" */;
			compatibilityVersion = "Xcode 3.2";
			developmentRegion = English;
			hasScannedForEncodings = 0;
			knownRegions = (
				en,
				Base,
			);
			mainGroup = D2521BDE1C87311600F6C68E;
			productRefGroup = D2521BE81C87311600F6C68E /* Products */;
			projectDirPath = "";
			projectRoot = "";
			targets = (
				D2521BE61C87311600F6C68E /* handy */,
			);
		};
/* End PBXProject section */

/* Begin PBXResourcesBuildPhase section */
		D2521BE51C87311600F6C68E /* Resources */ = {
			isa = PBXResourcesBuildPhase;
			buildActionMask = 2147483647;
			files = (
				D2521BF51C87311600F6C68E /* LaunchScreen.storyboard in Resources */,
				D2521BF21C87311600F6C68E /* Assets.xcassets in Resources */,
				D2521BF01C87311600F6C68E /* Main.storyboard in Resources */,
			);
			runOnlyForDeploymentPostprocessing = 0;
		};
/* End PBXResourcesBuildPhase section */

/* Begin PBXSourcesBuildPhase section */
		D2521BE31C87311600F6C68E /* Sources */ = {
			isa = PBXSourcesBuildPhase;
			buildActionMask = 2147483647;
			files = (
				D2521C001C885A4A00F6C68E /* ImageConfigurationModel.swift in Sources */,
				D2521BED1C87311600F6C68E /* ViewController.swift in Sources */,
				D2521BEB1C87311600F6C68E /* AppDelegate.swift in Sources */,
				D2521BFD1C87327500F6C68E /* PhotoViewController.swift in Sources */,
				D2226F1D1C902E5A0020B9C7 /* Phone.swift in Sources */,
				D2521C221C89F7BB00F6C68E /* ImageUtil.swift in Sources */,
			);
			runOnlyForDeploymentPostprocessing = 0;
		};
/* End PBXSourcesBuildPhase section */

/* Begin PBXVariantGroup section */
		D2521BEE1C87311600F6C68E /* Main.storyboard */ = {
			isa = PBXVariantGroup;
			children = (
				D2521BEF1C87311600F6C68E /* Base */,
			);
			name = Main.storyboard;
			sourceTree = "<group>";
		};
		D2521BF31C87311600F6C68E /* LaunchScreen.storyboard */ = {
			isa = PBXVariantGroup;
			children = (
				D2521BF41C87311600F6C68E /* Base */,
			);
			name = LaunchScreen.storyboard;
			sourceTree = "<group>";
		};
/* End PBXVariantGroup section */

/* Begin XCBuildConfiguration section */
		D2521BF71C87311600F6C68E /* Debug */ = {
			isa = XCBuildConfiguration;
			buildSettings = {
				ALWAYS_SEARCH_USER_PATHS = NO;
				CLANG_CXX_LANGUAGE_STANDARD = "gnu++0x";
				CLANG_CXX_LIBRARY = "libc++";
				CLANG_ENABLE_MODULES = YES;
				CLANG_ENABLE_OBJC_ARC = YES;
				CLANG_WARN_BOOL_CONVERSION = YES;
				CLANG_WARN_CONSTANT_CONVERSION = YES;
				CLANG_WARN_DIRECT_OBJC_ISA_USAGE = YES_ERROR;
				CLANG_WARN_EMPTY_BODY = YES;
				CLANG_WARN_ENUM_CONVERSION = YES;
				CLANG_WARN_INT_CONVERSION = YES;
				CLANG_WARN_OBJC_ROOT_CLASS = YES_ERROR;
				CLANG_WARN_UNREACHABLE_CODE = YES;
				CLANG_WARN__DUPLICATE_METHOD_MATCH = YES;
				"CODE_SIGN_IDENTITY[sdk=iphoneos*]" = "iPhone Developer";
				COPY_PHASE_STRIP = NO;
				DEBUG_INFORMATION_FORMAT = dwarf;
				ENABLE_STRICT_OBJC_MSGSEND = YES;
				ENABLE_TESTABILITY = YES;
				GCC_C_LANGUAGE_STANDARD = gnu99;
				GCC_DYNAMIC_NO_PIC = NO;
				GCC_NO_COMMON_BLOCKS = YES;
				GCC_OPTIMIZATION_LEVEL = 0;
				GCC_PREPROCESSOR_DEFINITIONS = (
					"DEBUG=1",
					"$(inherited)",
				);
				GCC_WARN_64_TO_32_BIT_CONVERSION = YES;
				GCC_WARN_ABOUT_RETURN_TYPE = YES_ERROR;
				GCC_WARN_UNDECLARED_SELECTOR = YES;
				GCC_WARN_UNINITIALIZED_AUTOS = YES_AGGRESSIVE;
				GCC_WARN_UNUSED_FUNCTION = YES;
				GCC_WARN_UNUSED_VARIABLE = YES;
				IPHONEOS_DEPLOYMENT_TARGET = 9.2;
				MTL_ENABLE_DEBUG_INFO = YES;
				ONLY_ACTIVE_ARCH = YES;
				SDKROOT = iphoneos;
				SWIFT_OPTIMIZATION_LEVEL = "-Onone";
				TARGETED_DEVICE_FAMILY = "1,2";
			};
			name = Debug;
		};
		D2521BF81C87311600F6C68E /* Release */ = {
			isa = XCBuildConfiguration;
			buildSettings = {
				ALWAYS_SEARCH_USER_PATHS = NO;
				CLANG_CXX_LANGUAGE_STANDARD = "gnu++0x";
				CLANG_CXX_LIBRARY = "libc++";
				CLANG_ENABLE_MODULES = YES;
				CLANG_ENABLE_OBJC_ARC = YES;
				CLANG_WARN_BOOL_CONVERSION = YES;
				CLANG_WARN_CONSTANT_CONVERSION = YES;
				CLANG_WARN_DIRECT_OBJC_ISA_USAGE = YES_ERROR;
				CLANG_WARN_EMPTY_BODY = YES;
				CLANG_WARN_ENUM_CONVERSION = YES;
				CLANG_WARN_INT_CONVERSION = YES;
				CLANG_WARN_OBJC_ROOT_CLASS = YES_ERROR;
				CLANG_WARN_UNREACHABLE_CODE = YES;
				CLANG_WARN__DUPLICATE_METHOD_MATCH = YES;
				"CODE_SIGN_IDENTITY[sdk=iphoneos*]" = "iPhone Developer";
				COPY_PHASE_STRIP = NO;
				DEBUG_INFORMATION_FORMAT = "dwarf-with-dsym";
				ENABLE_NS_ASSERTIONS = NO;
				ENABLE_STRICT_OBJC_MSGSEND = YES;
				GCC_C_LANGUAGE_STANDARD = gnu99;
				GCC_NO_COMMON_BLOCKS = YES;
				GCC_WARN_64_TO_32_BIT_CONVERSION = YES;
				GCC_WARN_ABOUT_RETURN_TYPE = YES_ERROR;
				GCC_WARN_UNDECLARED_SELECTOR = YES;
				GCC_WARN_UNINITIALIZED_AUTOS = YES_AGGRESSIVE;
				GCC_WARN_UNUSED_FUNCTION = YES;
				GCC_WARN_UNUSED_VARIABLE = YES;
				IPHONEOS_DEPLOYMENT_TARGET = 9.2;
				MTL_ENABLE_DEBUG_INFO = NO;
				SDKROOT = iphoneos;
				TARGETED_DEVICE_FAMILY = "1,2";
				VALIDATE_PRODUCT = YES;
			};
			name = Release;
		};
		D2521BFA1C87311600F6C68E /* Debug */ = {
			isa = XCBuildConfiguration;
			buildSettings = {
				ASSETCATALOG_COMPILER_APPICON_NAME = AppIcon;
				INFOPLIST_FILE = handy/Info.plist;
				LD_RUNPATH_SEARCH_PATHS = "$(inherited) @executable_path/Frameworks";
				PRODUCT_BUNDLE_IDENTIFIER = ios.my.handyApp.handy;
				PRODUCT_NAME = "$(TARGET_NAME)";
			};
			name = Debug;
		};
		D2521BFB1C87311600F6C68E /* Release */ = {
			isa = XCBuildConfiguration;
			buildSettings = {
				ASSETCATALOG_COMPILER_APPICON_NAME = AppIcon;
				INFOPLIST_FILE = handy/Info.plist;
				LD_RUNPATH_SEARCH_PATHS = "$(inherited) @executable_path/Frameworks";
				PRODUCT_BUNDLE_IDENTIFIER = ios.my.handyApp.handy;
				PRODUCT_NAME = "$(TARGET_NAME)";
			};
			name = Release;
		};
/* End XCBuildConfiguration section */

/* Begin XCConfigurationList section */
		D2521BE21C87311600F6C68E /* Build configuration list for PBXProject "handy" */ = {
			isa = XCConfigurationList;
			buildConfigurations = (
				D2521BF71C87311600F6C68E /* Debug */,
				D2521BF81C87311600F6C68E /* Release */,
			);
			defaultConfigurationIsVisible = 0;
			defaultConfigurationName = Release;
		};
		D2521BF91C87311600F6C68E /* Build configuration list for PBXNativeTarget "handy" */ = {
			isa = XCConfigurationList;
			buildConfigurations = (
				D2521BFA1C87311600F6C68E /* Debug */,
				D2521BFB1C87311600F6C68E /* Release */,
			);
			defaultConfigurationIsVisible = 0;
			defaultConfigurationName = Release;
		};
/* End XCConfigurationList section */
	};
	rootObject = D2521BDF1C87311600F6C68E /* Project object */;
}
